
Microsoft Visual Studio Solution File, Format Version 12.00
# Visual Studio Version 16
VisualStudioVersion = 16.0.29613.14
MinimumVisualStudioVersion = 10.0.40219.1
Project("{9A19103F-16F7-4668-BE54-9A1E7A4F7556}") = "MyRouteWebApi", "MyRouteWebApi\MyRouteWebApi.csproj", "{73488D08-A755-4EFE-B3DB-E40E23EE7D18}"
EndProject
Project("{FAE04EC0-301F-11D3-BF4B-00C04F79EFBC}") = "DataLayer", "DataLayer\DataLayer.csproj", "{77FE4FA3-CE10-40B4-AA24-7050F4DFF669}"
EndProject
Project("{FAE04EC0-301F-11D3-BF4B-00C04F79EFBC}") = "TravelWebApi", "TravelWebApi\TravelWebApi.csproj", "{4AE2157B-0D27-44D9-B909-943F715064FB}"
EndProject
Global
	GlobalSection(SolutionConfigurationPlatforms) = preSolution
		Debug|Any CPU = Debug|Any CPU
		Release|Any CPU = Release|Any CPU
	EndGlobalSection
	GlobalSection(ProjectConfigurationPlatforms) = postSolution
		{73488D08-A755-4EFE-B3DB-E40E23EE7D18}.Debug|Any CPU.ActiveCfg = Debug|Any CPU
		{73488D08-A755-4EFE-B3DB-E40E23EE7D18}.Debug|Any CPU.Build.0 = Debug|Any CPU
		{73488D08-A755-4EFE-B3DB-E40E23EE7D18}.Release|Any CPU.ActiveCfg = Release|Any CPU
		{73488D08-A755-4EFE-B3DB-E40E23EE7D18}.Release|Any CPU.Build.0 = Release|Any CPU
		{77FE4FA3-CE10-40B4-AA24-7050F4DFF669}.Debug|Any CPU.ActiveCfg = Debug|Any CPU
		{77FE4FA3-CE10-40B4-AA24-7050F4DFF669}.Debug|Any CPU.Build.0 = Debug|Any CPU
		{77FE4FA3-CE10-40B4-AA24-7050F4DFF669}.Release|Any CPU.ActiveCfg = Release|Any CPU
		{77FE4FA3-CE10-40B4-AA24-7050F4DFF669}.Release|Any CPU.Build.0 = Release|Any CPU
		{4AE2157B-0D27-44D9-B909-943F715064FB}.Debug|Any CPU.ActiveCfg = Debug|Any CPU
		{4AE2157B-0D27-44D9-B909-943F715064FB}.Debug|Any CPU.Build.0 = Debug|Any CPU
		{4AE2157B-0D27-44D9-B909-943F715064FB}.Release|Any CPU.ActiveCfg = Release|Any CPU
		{4AE2157B-0D27-44D9-B909-943F715064FB}.Release|Any CPU.Build.0 = Release|Any CPU
	EndGlobalSection
	GlobalSection(SolutionProperties) = preSolution
		HideSolutionNode = FALSE
	EndGlobalSection
	GlobalSection(ExtensibilityGlobals) = postSolution
		SolutionGuid = {2AB8292D-DDA5-40A1-88AA-BB8CDD4D5B95}
	EndGlobalSection
EndGlobal
